
Microsoft Visual Studio Solution File, Format Version 12.00
# Visual Studio Version 17
VisualStudioVersion = 17.1.32414.318
MinimumVisualStudioVersion = 10.0.40219.1
Project("{9092AA53-FB77-4645-B42D-1CCCA6BD08BD}") = "artemis", "artemis.njsproj", "{FC5B395C-3B3E-4266-96A2-83DE04E5EE9C}"
EndProject
Global
	GlobalSection(SolutionConfigurationPlatforms) = preSolution
		Debug|Any CPU = Debug|Any CPU
		Release|Any CPU = Release|Any CPU
	EndGlobalSection
	GlobalSection(ProjectConfigurationPlatforms) = postSolution
		{FC5B395C-3B3E-4266-96A2-83DE04E5EE9C}.Debug|Any CPU.ActiveCfg = Debug|Any CPU
		{FC5B395C-3B3E-4266-96A2-83DE04E5EE9C}.Debug|Any CPU.Build.0 = Debug|Any CPU
		{FC5B395C-3B3E-4266-96A2-83DE04E5EE9C}.Release|Any CPU.ActiveCfg = Release|Any CPU
		{FC5B395C-3B3E-4266-96A2-83DE04E5EE9C}.Release|Any CPU.Build.0 = Release|Any CPU
	EndGlobalSection
	GlobalSection(SolutionProperties) = preSolution
		HideSolutionNode = FALSE
	EndGlobalSection
	GlobalSection(ExtensibilityGlobals) = postSolution
		SolutionGuid = {821115C2-91E6-4933-95AE-BB22B7E93296}
	EndGlobalSection
EndGlobal
